github.com/fsnotify/fsnotify v1.8.0 h1:dAwr6QBTBZIkG8roQaJjGof7TkEqEhV+bKSz0qUdy0E=
github.com/fsnotify/fsnotify v1.8.0/go.mod h1:8jBTzvmWF1bE64VUiub6BwLCRTVIGNVDvC21ew8AVvM=
github.com/mattn/go-sqlite3 v1.14.24 h1:tpSp2G2KyMnn4poi1ITJjJ2PU2GN/EqsakulVkqcK1gU=
github.com/mattn/go-sqlite3 v1.14.24/go.mod h1:Uh1q+B4BYcTPb+yiD3kU8Ct7aC0hY9fxUwlHK0RXw+Y=
golang.org/x/sys v0.13.0 h1:Af8nKPYFyGY2k/Ursr/1PVp6v1ZkJWLkLN/vKdVyojE=
golang.org/x/sys v0.13.0/go.mod h1:oPkhp1MJrh7nUepCBck5+mAzfO9JrbApNNgaTdGDITg=
